// !$*UTF8*$!
{
	archiveVersion = 1;
	classes = {
	};
	objectVersion = 50;
	objects = {

/* Begin PBXBuildFile section */
		240B23B9235A66A600D59A79 /* Framework.swift in Sources */ = {isa = PBXBuildFile; fileRef = 240B23B8235A66A600D59A79 /* Framework.swift */; };
		246CB70C2359F90500ABA79A /* AppDelegate.swift in Sources */ = {isa = PBXBuildFile; fileRef = 246CB70B2359F90500ABA79A /* AppDelegate.swift */; };
		246CB70E2359F90500ABA79A /* SceneDelegate.swift in Sources */ = {isa = PBXBuildFile; fileRef = 246CB70D2359F90500ABA79A /* SceneDelegate.swift */; };
		246CB7102359F90500ABA79A /* ContentView.swift in Sources */ = {isa = PBXBuildFile; fileRef = 246CB70F2359F90500ABA79A /* ContentView.swift */; };
		246CB7122359F90700ABA79A /* Assets.xcassets in Resources */ = {isa = PBXBuildFile; fileRef = 246CB7112359F90700ABA79A /* Assets.xcassets */; };
		246CB7182359F90700ABA79A /* LaunchScreen.storyboard in Resources */ = {isa = PBXBuildFile; fileRef = 246CB7162359F90700ABA79A /* LaunchScreen.storyboard */; };
		246CB7202359F9DB00ABA79A /* Font.swift in Sources */ = {isa = PBXBuildFile; fileRef = 246CB71F2359F9DB00ABA79A /* Font.swift */; };
		246CB7222359FA1100ABA79A /* UIFontDescriptor.SystemDesign.swift in Sources */ = {isa = PBXBuildFile; fileRef = 246CB7212359FA1100ABA79A /* UIFontDescriptor.SystemDesign.swift */; };
		246CB7242359FB0E00ABA79A /* UIFont.TextStyle.swift in Sources */ = {isa = PBXBuildFile; fileRef = 246CB7232359FB0E00ABA79A /* UIFont.TextStyle.swift */; };
		2471D171235A5FEC00A3A9FE /* Font.TextStyle.swift in Sources */ = {isa = PBXBuildFile; fileRef = 2471D170235A5FEC00A3A9FE /* Font.TextStyle.swift */; };
		2471D173235A608E00A3A9FE /* Font.Design.swift in Sources */ = {isa = PBXBuildFile; fileRef = 2471D172235A608E00A3A9FE /* Font.Design.swift */; };
		2471D175235A60E300A3A9FE /* UIKitFonts.swift in Sources */ = {isa = PBXBuildFile; fileRef = 2471D174235A60E300A3A9FE /* UIKitFonts.swift */; };
		2471D177235A612300A3A9FE /* SwiftUIFonts.swift in Sources */ = {isa = PBXBuildFile; fileRef = 2471D176235A612300A3A9FE /* SwiftUIFonts.swift */; };
		2471D179235A623600A3A9FE /* SegmentedControl.swift in Sources */ = {isa = PBXBuildFile; fileRef = 2471D178235A623600A3A9FE /* SegmentedControl.swift */; };
/* End PBXBuildFile section */

/* Begin PBXFileReference section */
		240B23B8235A66A600D59A79 /* Framework.swift */ = {isa = PBXFileReference; lastKnownFileType = sourcecode.swift; path = Framework.swift; sourceTree = "<group>"; };
		246CB7082359F90500ABA79A /* System Fonts.app */ = {isa = PBXFileReference; explicitFileType = wrapper.application; includeInIndex = 0; path = "System Fonts.app"; sourceTree = BUILT_PRODUCTS_DIR; };
		246CB70B2359F90500ABA79A /* AppDelegate.swift */ = {isa = PBXFileReference; lastKnownFileType = sourcecode.swift; path = AppDelegate.swift; sourceTree = "<group>"; };
		246CB70D2359F90500ABA79A /* SceneDelegate.swift */ = {isa = PBXFileReference; lastKnownFileType = sourcecode.swift; path = SceneDelegate.swift; sourceTree = "<group>"; };
		246CB70F2359F90500ABA79A /* ContentView.swift */ = {isa = PBXFileReference; lastKnownFileType = sourcecode.swift; path = ContentView.swift; sourceTree = "<group>"; };
		246CB7112359F90700ABA79A /* Assets.xcassets */ = {isa = PBXFileReference; lastKnownFileType = folder.assetcatalog; path = Assets.xcassets; sourceTree = "<group>"; };
		246CB7172359F90700ABA79A /* Base */ = {isa = PBXFileReference; lastKnownFileType = file.storyboard; name = Base; path = Base.lproj/LaunchScreen.storyboard; sourceTree = "<group>"; };
		246CB7192359F90700ABA79A /* Info.plist */ = {isa = PBXFileReference; lastKnownFileType = text.plist.xml; path = Info.plist; sourceTree = "<group>"; };
		246CB71F2359F9DB00ABA79A /* Font.swift */ = {isa = PBXFileReference; fileEncoding = 4; lastKnownFileType = sourcecode.swift; path = Font.swift; sourceTree = "<group>"; };
		246CB7212359FA1100ABA79A /* UIFontDescriptor.SystemDesign.swift */ = {isa = PBXFileReference; fileEncoding = 4; lastKnownFileType = sourcecode.swift; path = UIFontDescriptor.SystemDesign.swift; sourceTree = "<group>"; };
		246CB7232359FB0E00ABA79A /* UIFont.TextStyle.swift */ = {isa = PBXFileReference; fileEncoding = 4; lastKnownFileType = sourcecode.swift; path = UIFont.TextStyle.swift; sourceTree = "<group>"; };
		246CB725235A016100ABA79A /* README.md */ = {isa = PBXFileReference; lastKnownFileType = net.daringfireball.markdown; path = README.md; sourceTree = "<group>"; };
		2471D170235A5FEC00A3A9FE /* Font.TextStyle.swift */ = {isa = PBXFileReference; lastKnownFileType = sourcecode.swift; path = Font.TextStyle.swift; sourceTree = "<group>"; };
		2471D172235A608E00A3A9FE /* Font.Design.swift */ = {isa = PBXFileReference; lastKnownFileType = sourcecode.swift; path = Font.Design.swift; sourceTree = "<group>"; };
		2471D174235A60E300A3A9FE /* UIKitFonts.swift */ = {isa = PBXFileReference; lastKnownFileType = sourcecode.swift; path = UIKitFonts.swift; sourceTree = "<group>"; };
		2471D176235A612300A3A9FE /* SwiftUIFonts.swift */ = {isa = PBXFileReference; lastKnownFileType = sourcecode.swift; path = SwiftUIFonts.swift; sourceTree = "<group>"; };
		2471D178235A623600A3A9FE /* SegmentedControl.swift */ = {isa = PBXFileReference; lastKnownFileType = sourcecode.swift; path = SegmentedControl.swift; sourceTree = "<group>"; };
/* End PBXFileReference section */

/* Begin PBXFrameworksBuildPhase section */
		246CB7052359F90500ABA79A /* Frameworks */ = {
			isa = PBXFrameworksBuildPhase;
			buildActionMask = 2147483647;
			files = (
			);
			runOnlyForDeploymentPostprocessing = 0;
		};
/* End PBXFrameworksBuildPhase section */

/* Begin PBXGroup section */
		240B23BB235A673A00D59A79 /* SwiftUI */ = {
			isa = PBXGroup;
			children = (
				2471D176235A612300A3A9FE /* SwiftUIFonts.swift */,
				2471D172235A608E00A3A9FE /* Font.Design.swift */,
				2471D170235A5FEC00A3A9FE /* Font.TextStyle.swift */,
			);
			name = SwiftUI;
			sourceTree = "<group>";
		};
		240B23BD235A69B000D59A79 /* UIKit */ = {
			isa = PBXGroup;
			children = (
				2471D174235A60E300A3A9FE /* UIKitFonts.swift */,
				246CB7232359FB0E00ABA79A /* UIFont.TextStyle.swift */,
				246CB7212359FA1100ABA79A /* UIFontDescriptor.SystemDesign.swift */,
				246CB71F2359F9DB00ABA79A /* Font.swift */,
			);
			name = UIKit;
			sourceTree = "<group>";
		};
		246CB6FF2359F90500ABA79A = {
			isa = PBXGroup;
			children = (
				246CB725235A016100ABA79A /* README.md */,
				246CB70A2359F90500ABA79A /* System Fonts */,
				246CB7092359F90500ABA79A /* Products */,
			);
			sourceTree = "<group>";
		};
		246CB7092359F90500ABA79A /* Products */ = {
			isa = PBXGroup;
			children = (
				246CB7082359F90500ABA79A /* System Fonts.app */,
			);
			name = Products;
			sourceTree = "<group>";
		};
		246CB70A2359F90500ABA79A /* System Fonts */ = {
			isa = PBXGroup;
			children = (
				246CB70B2359F90500ABA79A /* AppDelegate.swift */,
				246CB70D2359F90500ABA79A /* SceneDelegate.swift */,
				246CB70F2359F90500ABA79A /* ContentView.swift */,
				240B23B8235A66A600D59A79 /* Framework.swift */,
				2471D178235A623600A3A9FE /* SegmentedControl.swift */,
				240B23BB235A673A00D59A79 /* SwiftUI */,
				240B23BD235A69B000D59A79 /* UIKit */,
				246CB7112359F90700ABA79A /* Assets.xcassets */,
				246CB7162359F90700ABA79A /* LaunchScreen.storyboard */,
				246CB7192359F90700ABA79A /* Info.plist */,
			);
			path = "System Fonts";
			sourceTree = "<group>";
		};
/* End PBXGroup section */

/* Begin PBXNativeTarget section */
		246CB7072359F90500ABA79A /* System Fonts */ = {
			isa = PBXNativeTarget;
			buildConfigurationList = 246CB71C2359F90700ABA79A /* Build configuration list for PBXNativeTarget "System Fonts" */;
			buildPhases = (
				246CB7042359F90500ABA79A /* Sources */,
				246CB7052359F90500ABA79A /* Frameworks */,
				246CB7062359F90500ABA79A /* Resources */,
			);
			buildRules = (
			);
			dependencies = (
			);
			name = "System Fonts";
			productName = "System Fonts";
			productReference = 246CB7082359F90500ABA79A /* System Fonts.app */;
			productType = "com.apple.product-type.application";
		};
/* End PBXNativeTarget section */

/* Begin PBXProject section */
		246CB7002359F90500ABA79A /* Project object */ = {
			isa = PBXProject;
			attributes = {
				LastSwiftUpdateCheck = 1110;
				LastUpgradeCheck = 1110;
				ORGANIZATIONNAME = "Daniel Tull";
				TargetAttributes = {
					246CB7072359F90500ABA79A = {
						CreatedOnToolsVersion = 11.1;
					};
				};
			};
			buildConfigurationList = 246CB7032359F90500ABA79A /* Build configuration list for PBXProject "System Fonts" */;
			compatibilityVersion = "Xcode 9.3";
			developmentRegion = en;
			hasScannedForEncodings = 0;
			knownRegions = (
				en,
				Base,
			);
			mainGroup = 246CB6FF2359F90500ABA79A;
			productRefGroup = 246CB7092359F90500ABA79A /* Products */;
			projectDirPath = "";
			projectRoot = "";
			targets = (
				246CB7072359F90500ABA79A /* System Fonts */,
			);
		};
/* End PBXProject section */

/* Begin PBXResourcesBuildPhase section */
		246CB7062359F90500ABA79A /* Resources */ = {
			isa = PBXResourcesBuildPhase;
			buildActionMask = 2147483647;
			files = (
				246CB7182359F90700ABA79A /* LaunchScreen.storyboard in Resources */,
				246CB7122359F90700ABA79A /* Assets.xcassets in Resources */,
			);
			runOnlyForDeploymentPostprocessing = 0;
		};
/* End PBXResourcesBuildPhase section */

/* Begin PBXSourcesBuildPhase section */
		246CB7042359F90500ABA79A /* Sources */ = {
			isa = PBXSourcesBuildPhase;
			buildActionMask = 2147483647;
			files = (
				246CB7242359FB0E00ABA79A /* UIFont.TextStyle.swift in Sources */,
				246CB7202359F9DB00ABA79A /* Font.swift in Sources */,
				2471D179235A623600A3A9FE /* SegmentedControl.swift in Sources */,
				2471D177235A612300A3A9FE /* SwiftUIFonts.swift in Sources */,
				240B23B9235A66A600D59A79 /* Framework.swift in Sources */,
				246CB70C2359F90500ABA79A /* AppDelegate.swift in Sources */,
				2471D173235A608E00A3A9FE /* Font.Design.swift in Sources */,
				2471D175235A60E300A3A9FE /* UIKitFonts.swift in Sources */,
				2471D171235A5FEC00A3A9FE /* Font.TextStyle.swift in Sources */,
				246CB7222359FA1100ABA79A /* UIFontDescriptor.SystemDesign.swift in Sources */,
				246CB70E2359F90500ABA79A /* SceneDelegate.swift in Sources */,
				246CB7102359F90500ABA79A /* ContentView.swift in Sources */,
			);
			runOnlyForDeploymentPostprocessing = 0;
		};
/* End PBXSourcesBuildPhase section */

/* Begin PBXVariantGroup section */
		246CB7162359F90700ABA79A /* LaunchScreen.storyboard */ = {
			isa = PBXVariantGroup;
			children = (
				246CB7172359F90700ABA79A /* Base */,
			);
			name = LaunchScreen.storyboard;
			sourceTree = "<group>";
		};
/* End PBXVariantGroup section */

/* Begin XCBuildConfiguration section */
		246CB71A2359F90700ABA79A /* Debug */ = {
			isa = XCBuildConfiguration;
			buildSettings = {
				ALWAYS_SEARCH_USER_PATHS = NO;
				CLANG_ANALYZER_NONNULL = YES;
				CLANG_ANALYZER_NUMBER_OBJECT_CONVERSION = YES_AGGRESSIVE;
				CLANG_CXX_LANGUAGE_STANDARD = "gnu++14";
				CLANG_CXX_LIBRARY = "libc++";
				CLANG_ENABLE_MODULES = YES;
				CLANG_ENABLE_OBJC_ARC = YES;
				CLANG_ENABLE_OBJC_WEAK = YES;
				CLANG_WARN_BLOCK_CAPTURE_AUTORELEASING = YES;
				CLANG_WARN_BOOL_CONVERSION = YES;
				CLANG_WARN_COMMA = YES;
				CLANG_WARN_CONSTANT_CONVERSION = YES;
				CLANG_WARN_DEPRECATED_OBJC_IMPLEMENTATIONS = YES;
				CLANG_WARN_DIRECT_OBJC_ISA_USAGE = YES_ERROR;
				CLANG_WARN_DOCUMENTATION_COMMENTS = YES;
				CLANG_WARN_EMPTY_BODY = YES;
				CLANG_WARN_ENUM_CONVERSION = YES;
				CLANG_WARN_INFINITE_RECURSION = YES;
				CLANG_WARN_INT_CONVERSION = YES;
				CLANG_WARN_NON_LITERAL_NULL_CONVERSION = YES;
				CLANG_WARN_OBJC_IMPLICIT_RETAIN_SELF = YES;
				CLANG_WARN_OBJC_LITERAL_CONVERSION = YES;
				CLANG_WARN_OBJC_ROOT_CLASS = YES_ERROR;
				CLANG_WARN_RANGE_LOOP_ANALYSIS = YES;
				CLANG_WARN_STRICT_PROTOTYPES = YES;
				CLANG_WARN_SUSPICIOUS_MOVE = YES;
				CLANG_WARN_UNGUARDED_AVAILABILITY = YES_AGGRESSIVE;
				CLANG_WARN_UNREACHABLE_CODE = YES;
				CLANG_WARN__DUPLICATE_METHOD_MATCH = YES;
				COPY_PHASE_STRIP = NO;
				DEBUG_INFORMATION_FORMAT = dwarf;
				ENABLE_STRICT_OBJC_MSGSEND = YES;
				ENABLE_TESTABILITY = YES;
				GCC_C_LANGUAGE_STANDARD = gnu11;
				GCC_DYNAMIC_NO_PIC = NO;
				GCC_NO_COMMON_BLOCKS = YES;
				GCC_OPTIMIZATION_LEVEL = 0;
				GCC_PREPROCESSOR_DEFINITIONS = (
					"DEBUG=1",
					"$(inherited)",
				);
				GCC_WARN_64_TO_32_BIT_CONVERSION = YES;
				GCC_WARN_ABOUT_RETURN_TYPE = YES_ERROR;
				GCC_WARN_UNDECLARED_SELECTOR = YES;
				GCC_WARN_UNINITIALIZED_AUTOS = YES_AGGRESSIVE;
				GCC_WARN_UNUSED_FUNCTION = YES;
				GCC_WARN_UNUSED_VARIABLE = YES;
				IPHONEOS_DEPLOYMENT_TARGET = 13.1;
				MTL_ENABLE_DEBUG_INFO = INCLUDE_SOURCE;
				MTL_FAST_MATH = YES;
				ONLY_ACTIVE_ARCH = YES;
				SDKROOT = iphoneos;
				SWIFT_ACTIVE_COMPILATION_CONDITIONS = DEBUG;
				SWIFT_OPTIMIZATION_LEVEL = "-Onone";
			};
			name = Debug;
		};
		246CB71B2359F90700ABA79A /* Release */ = {
			isa = XCBuildConfiguration;
			buildSettings = {
				ALWAYS_SEARCH_USER_PATHS = NO;
				CLANG_ANALYZER_NONNULL = YES;
				CLANG_ANALYZER_NUMBER_OBJECT_CONVERSION = YES_AGGRESSIVE;
				CLANG_CXX_LANGUAGE_STANDARD = "gnu++14";
				CLANG_CXX_LIBRARY = "libc++";
				CLANG_ENABLE_MODULES = YES;
				CLANG_ENABLE_OBJC_ARC = YES;
				CLANG_ENABLE_OBJC_WEAK = YES;
				CLANG_WARN_BLOCK_CAPTURE_AUTORELEASING = YES;
				CLANG_WARN_BOOL_CONVERSION = YES;
				CLANG_WARN_COMMA = YES;
				CLANG_WARN_CONSTANT_CONVERSION = YES;
				CLANG_WARN_DEPRECATED_OBJC_IMPLEMENTATIONS = YES;
				CLANG_WARN_DIRECT_OBJC_ISA_USAGE = YES_ERROR;
				CLANG_WARN_DOCUMENTATION_COMMENTS = YES;
				CLANG_WARN_EMPTY_BODY = YES;
				CLANG_WARN_ENUM_CONVERSION = YES;
				CLANG_WARN_INFINITE_RECURSION = YES;
				CLANG_WARN_INT_CONVERSION = YES;
				CLANG_WARN_NON_LITERAL_NULL_CONVERSION = YES;
				CLANG_WARN_OBJC_IMPLICIT_RETAIN_SELF = YES;
				CLANG_WARN_OBJC_LITERAL_CONVERSION = YES;
				CLANG_WARN_OBJC_ROOT_CLASS = YES_ERROR;
				CLANG_WARN_RANGE_LOOP_ANALYSIS = YES;
				CLANG_WARN_STRICT_PROTOTYPES = YES;
				CLANG_WARN_SUSPICIOUS_MOVE = YES;
				CLANG_WARN_UNGUARDED_AVAILABILITY = YES_AGGRESSIVE;
				CLANG_WARN_UNREACHABLE_CODE = YES;
				CLANG_WARN__DUPLICATE_METHOD_MATCH = YES;
				COPY_PHASE_STRIP = NO;
				DEBUG_INFORMATION_FORMAT = "dwarf-with-dsym";
				ENABLE_NS_ASSERTIONS = NO;
				ENABLE_STRICT_OBJC_MSGSEND = YES;
				GCC_C_LANGUAGE_STANDARD = gnu11;
				GCC_NO_COMMON_BLOCKS = YES;
				GCC_WARN_64_TO_32_BIT_CONVERSION = YES;
				GCC_WARN_ABOUT_RETURN_TYPE = YES_ERROR;
				GCC_WARN_UNDECLARED_SELECTOR = YES;
				GCC_WARN_UNINITIALIZED_AUTOS = YES_AGGRESSIVE;
				GCC_WARN_UNUSED_FUNCTION = YES;
				GCC_WARN_UNUSED_VARIABLE = YES;
				IPHONEOS_DEPLOYMENT_TARGET = 13.1;
				MTL_ENABLE_DEBUG_INFO = NO;
				MTL_FAST_MATH = YES;
				SDKROOT = iphoneos;
				SWIFT_COMPILATION_MODE = wholemodule;
				SWIFT_OPTIMIZATION_LEVEL = "-O";
				VALIDATE_PRODUCT = YES;
			};
			name = Release;
		};
		246CB71D2359F90700ABA79A /* Debug */ = {
			isa = XCBuildConfiguration;
			buildSettings = {
				ASSETCATALOG_COMPILER_APPICON_NAME = AppIcon;
				CODE_SIGN_STYLE = Automatic;
				DEVELOPMENT_ASSET_PATHS = "";
				DEVELOPMENT_TEAM = B2M757K4LG;
				ENABLE_PREVIEWS = YES;
				INFOPLIST_FILE = "System Fonts/Info.plist";
				LD_RUNPATH_SEARCH_PATHS = (
					"$(inherited)",
					"@executable_path/Frameworks",
				);
				PRODUCT_BUNDLE_IDENTIFIER = "uk.co.danieltull.System-Fonts";
				PRODUCT_NAME = "$(TARGET_NAME)";
				SWIFT_VERSION = 5.0;
				TARGETED_DEVICE_FAMILY = "1,2";
			};
			name = Debug;
		};
		246CB71E2359F90700ABA79A /* Release */ = {
			isa = XCBuildConfiguration;
			buildSettings = {
				ASSETCATALOG_COMPILER_APPICON_NAME = AppIcon;
				CODE_SIGN_STYLE = Automatic;
				DEVELOPMENT_ASSET_PATHS = "";
				DEVELOPMENT_TEAM = B2M757K4LG;
				ENABLE_PREVIEWS = YES;
				INFOPLIST_FILE = "System Fonts/Info.plist";
				LD_RUNPATH_SEARCH_PATHS = (
					"$(inherited)",
					"@executable_path/Frameworks",
				);
				PRODUCT_BUNDLE_IDENTIFIER = "uk.co.danieltull.System-Fonts";
				PRODUCT_NAME = "$(TARGET_NAME)";
				SWIFT_VERSION = 5.0;
				TARGETED_DEVICE_FAMILY = "1,2";
			};
			name = Release;
		};
/* End XCBuildConfiguration section */

/* Begin XCConfigurationList section */
		246CB7032359F90500ABA79A /* Build configuration list for PBXProject "System Fonts" */ = {
			isa = XCConfigurationList;
			buildConfigurations = (
				246CB71A2359F90700ABA79A /* Debug */,
				246CB71B2359F90700ABA79A /* Release */,
			);
			defaultConfigurationIsVisible = 0;
			defaultConfigurationName = Release;
		};
		246CB71C2359F90700ABA79A /* Build configuration list for PBXNativeTarget "System Fonts" */ = {
			isa = XCConfigurationList;
			buildConfigurations = (
				246CB71D2359F90700ABA79A /* Debug */,
				246CB71E2359F90700ABA79A /* Release */,
			);
			defaultConfigurationIsVisible = 0;
			defaultConfigurationName = Release;
		};
/* End XCConfigurationList section */
	};
	rootObject = 246CB7002359F90500ABA79A /* Project object */;
}
